
Microsoft Visual Studio Solution File, Format Version 12.00
# Visual Studio 2012
Project("{FAE04EC0-301F-11D3-BF4B-00C04F79EFBC}") = "xamarintest", "xamarintest\xamarintest.csproj", "{70F258A4-77CF-4AE9-8DF7-41C85BC61DE6}"
EndProject
Project("{FAE04EC0-301F-11D3-BF4B-00C04F79EFBC}") = "xamarintest.iOS", "iOS\xamarintest.iOS.csproj", "{E9F65C82-A695-4233-82B8-BC47F2EA81EC}"
EndProject
Project("{FAE04EC0-301F-11D3-BF4B-00C04F79EFBC}") = "xamarintest.Droid", "Droid\xamarintest.Droid.csproj", "{0BE4BED0-CF11-4175-B749-2F5EBD25B787}"
EndProject
Global
	GlobalSection(SolutionConfigurationPlatforms) = preSolution
		Debug|Any CPU = Debug|Any CPU
		Release|Any CPU = Release|Any CPU
		Debug|iPhoneSimulator = Debug|iPhoneSimulator
		Release|iPhone = Release|iPhone
		Release|iPhoneSimulator = Release|iPhoneSimulator
		Debug|iPhone = Debug|iPhone
	EndGlobalSection
	GlobalSection(ProjectConfigurationPlatforms) = postSolution
		{70F258A4-77CF-4AE9-8DF7-41C85BC61DE6}.Debug|Any CPU.ActiveCfg = Debug|Any CPU
		{70F258A4-77CF-4AE9-8DF7-41C85BC61DE6}.Debug|Any CPU.Build.0 = Debug|Any CPU
		{70F258A4-77CF-4AE9-8DF7-41C85BC61DE6}.Release|Any CPU.ActiveCfg = Release|Any CPU
		{70F258A4-77CF-4AE9-8DF7-41C85BC61DE6}.Release|Any CPU.Build.0 = Release|Any CPU
		{70F258A4-77CF-4AE9-8DF7-41C85BC61DE6}.Debug|iPhoneSimulator.ActiveCfg = Debug|Any CPU
		{70F258A4-77CF-4AE9-8DF7-41C85BC61DE6}.Debug|iPhoneSimulator.Build.0 = Debug|Any CPU
		{70F258A4-77CF-4AE9-8DF7-41C85BC61DE6}.Release|iPhone.ActiveCfg = Release|Any CPU
		{70F258A4-77CF-4AE9-8DF7-41C85BC61DE6}.Release|iPhone.Build.0 = Release|Any CPU
		{70F258A4-77CF-4AE9-8DF7-41C85BC61DE6}.Release|iPhoneSimulator.ActiveCfg = Release|Any CPU
		{70F258A4-77CF-4AE9-8DF7-41C85BC61DE6}.Release|iPhoneSimulator.Build.0 = Release|Any CPU
		{70F258A4-77CF-4AE9-8DF7-41C85BC61DE6}.Debug|iPhone.ActiveCfg = Debug|Any CPU
		{70F258A4-77CF-4AE9-8DF7-41C85BC61DE6}.Debug|iPhone.Build.0 = Debug|Any CPU
		{E9F65C82-A695-4233-82B8-BC47F2EA81EC}.Debug|Any CPU.ActiveCfg = Debug|iPhoneSimulator
		{E9F65C82-A695-4233-82B8-BC47F2EA81EC}.Debug|Any CPU.Build.0 = Debug|iPhoneSimulator
		{E9F65C82-A695-4233-82B8-BC47F2EA81EC}.Release|Any CPU.ActiveCfg = Debug|iPhoneSimulator
		{E9F65C82-A695-4233-82B8-BC47F2EA81EC}.Release|Any CPU.Build.0 = Debug|iPhoneSimulator
		{E9F65C82-A695-4233-82B8-BC47F2EA81EC}.Debug|iPhoneSimulator.ActiveCfg = Debug|iPhoneSimulator
		{E9F65C82-A695-4233-82B8-BC47F2EA81EC}.Debug|iPhoneSimulator.Build.0 = Debug|iPhoneSimulator
		{E9F65C82-A695-4233-82B8-BC47F2EA81EC}.Release|iPhone.ActiveCfg = Release|iPhone
		{E9F65C82-A695-4233-82B8-BC47F2EA81EC}.Release|iPhone.Build.0 = Release|iPhone
		{E9F65C82-A695-4233-82B8-BC47F2EA81EC}.Release|iPhoneSimulator.ActiveCfg = Release|iPhoneSimulator
		{E9F65C82-A695-4233-82B8-BC47F2EA81EC}.Release|iPhoneSimulator.Build.0 = Release|iPhoneSimulator
		{E9F65C82-A695-4233-82B8-BC47F2EA81EC}.Debug|iPhone.ActiveCfg = Debug|iPhone
		{E9F65C82-A695-4233-82B8-BC47F2EA81EC}.Debug|iPhone.Build.0 = Debug|iPhone
		{0BE4BED0-CF11-4175-B749-2F5EBD25B787}.Debug|Any CPU.ActiveCfg = Debug|Any CPU
		{0BE4BED0-CF11-4175-B749-2F5EBD25B787}.Debug|Any CPU.Build.0 = Debug|Any CPU
		{0BE4BED0-CF11-4175-B749-2F5EBD25B787}.Release|Any CPU.ActiveCfg = Release|Any CPU
		{0BE4BED0-CF11-4175-B749-2F5EBD25B787}.Release|Any CPU.Build.0 = Release|Any CPU
		{0BE4BED0-CF11-4175-B749-2F5EBD25B787}.Debug|iPhoneSimulator.ActiveCfg = Debug|Any CPU
		{0BE4BED0-CF11-4175-B749-2F5EBD25B787}.Debug|iPhoneSimulator.Build.0 = Debug|Any CPU
		{0BE4BED0-CF11-4175-B749-2F5EBD25B787}.Release|iPhone.ActiveCfg = Release|Any CPU
		{0BE4BED0-CF11-4175-B749-2F5EBD25B787}.Release|iPhone.Build.0 = Release|Any CPU
		{0BE4BED0-CF11-4175-B749-2F5EBD25B787}.Release|iPhoneSimulator.ActiveCfg = Release|Any CPU
		{0BE4BED0-CF11-4175-B749-2F5EBD25B787}.Release|iPhoneSimulator.Build.0 = Release|Any CPU
		{0BE4BED0-CF11-4175-B749-2F5EBD25B787}.Debug|iPhone.ActiveCfg = Debug|Any CPU
		{0BE4BED0-CF11-4175-B749-2F5EBD25B787}.Debug|iPhone.Build.0 = Debug|Any CPU
	EndGlobalSection
EndGlobal
