
Microsoft Visual Studio Solution File, Format Version 12.00
# Visual Studio 2012
Project("{FAE04EC0-301F-11D3-BF4B-00C04F79EFBC}") = "Phoneword", "Phoneword\Phoneword.csproj", "{932F0134-7B10-4A92-A0FF-842841BDF22A}"
EndProject
Project("{FAE04EC0-301F-11D3-BF4B-00C04F79EFBC}") = "Phoneword.iOS", "iOS\Phoneword.iOS.csproj", "{6278DABC-26A8-4E91-B294-577AADC33C3E}"
EndProject
Project("{FAE04EC0-301F-11D3-BF4B-00C04F79EFBC}") = "Phoneword.Droid", "Droid\Phoneword.Droid.csproj", "{36CCCCB7-9874-4311-BDE3-AE57B464129F}"
EndProject
Global
	GlobalSection(SolutionConfigurationPlatforms) = preSolution
		Debug|Any CPU = Debug|Any CPU
		Release|Any CPU = Release|Any CPU
		Debug|iPhoneSimulator = Debug|iPhoneSimulator
		Release|iPhone = Release|iPhone
		Release|iPhoneSimulator = Release|iPhoneSimulator
		Debug|iPhone = Debug|iPhone
	EndGlobalSection
	GlobalSection(ProjectConfigurationPlatforms) = postSolution
		{932F0134-7B10-4A92-A0FF-842841BDF22A}.Debug|Any CPU.ActiveCfg = Debug|Any CPU
		{932F0134-7B10-4A92-A0FF-842841BDF22A}.Debug|Any CPU.Build.0 = Debug|Any CPU
		{932F0134-7B10-4A92-A0FF-842841BDF22A}.Release|Any CPU.ActiveCfg = Release|Any CPU
		{932F0134-7B10-4A92-A0FF-842841BDF22A}.Release|Any CPU.Build.0 = Release|Any CPU
		{932F0134-7B10-4A92-A0FF-842841BDF22A}.Debug|iPhoneSimulator.ActiveCfg = Debug|Any CPU
		{932F0134-7B10-4A92-A0FF-842841BDF22A}.Debug|iPhoneSimulator.Build.0 = Debug|Any CPU
		{932F0134-7B10-4A92-A0FF-842841BDF22A}.Release|iPhone.ActiveCfg = Release|Any CPU
		{932F0134-7B10-4A92-A0FF-842841BDF22A}.Release|iPhone.Build.0 = Release|Any CPU
		{932F0134-7B10-4A92-A0FF-842841BDF22A}.Release|iPhoneSimulator.ActiveCfg = Release|Any CPU
		{932F0134-7B10-4A92-A0FF-842841BDF22A}.Release|iPhoneSimulator.Build.0 = Release|Any CPU
		{932F0134-7B10-4A92-A0FF-842841BDF22A}.Debug|iPhone.ActiveCfg = Debug|Any CPU
		{932F0134-7B10-4A92-A0FF-842841BDF22A}.Debug|iPhone.Build.0 = Debug|Any CPU
		{6278DABC-26A8-4E91-B294-577AADC33C3E}.Debug|Any CPU.ActiveCfg = Debug|iPhoneSimulator
		{6278DABC-26A8-4E91-B294-577AADC33C3E}.Debug|Any CPU.Build.0 = Debug|iPhoneSimulator
		{6278DABC-26A8-4E91-B294-577AADC33C3E}.Release|Any CPU.ActiveCfg = Debug|iPhoneSimulator
		{6278DABC-26A8-4E91-B294-577AADC33C3E}.Release|Any CPU.Build.0 = Debug|iPhoneSimulator
		{6278DABC-26A8-4E91-B294-577AADC33C3E}.Debug|iPhoneSimulator.ActiveCfg = Debug|iPhoneSimulator
		{6278DABC-26A8-4E91-B294-577AADC33C3E}.Debug|iPhoneSimulator.Build.0 = Debug|iPhoneSimulator
		{6278DABC-26A8-4E91-B294-577AADC33C3E}.Release|iPhone.ActiveCfg = Release|iPhone
		{6278DABC-26A8-4E91-B294-577AADC33C3E}.Release|iPhone.Build.0 = Release|iPhone
		{6278DABC-26A8-4E91-B294-577AADC33C3E}.Release|iPhoneSimulator.ActiveCfg = Release|iPhoneSimulator
		{6278DABC-26A8-4E91-B294-577AADC33C3E}.Release|iPhoneSimulator.Build.0 = Release|iPhoneSimulator
		{6278DABC-26A8-4E91-B294-577AADC33C3E}.Debug|iPhone.ActiveCfg = Debug|iPhone
		{6278DABC-26A8-4E91-B294-577AADC33C3E}.Debug|iPhone.Build.0 = Debug|iPhone
		{36CCCCB7-9874-4311-BDE3-AE57B464129F}.Debug|Any CPU.ActiveCfg = Debug|Any CPU
		{36CCCCB7-9874-4311-BDE3-AE57B464129F}.Debug|Any CPU.Build.0 = Debug|Any CPU
		{36CCCCB7-9874-4311-BDE3-AE57B464129F}.Release|Any CPU.ActiveCfg = Release|Any CPU
		{36CCCCB7-9874-4311-BDE3-AE57B464129F}.Release|Any CPU.Build.0 = Release|Any CPU
		{36CCCCB7-9874-4311-BDE3-AE57B464129F}.Debug|iPhoneSimulator.ActiveCfg = Debug|Any CPU
		{36CCCCB7-9874-4311-BDE3-AE57B464129F}.Debug|iPhoneSimulator.Build.0 = Debug|Any CPU
		{36CCCCB7-9874-4311-BDE3-AE57B464129F}.Release|iPhone.ActiveCfg = Release|Any CPU
		{36CCCCB7-9874-4311-BDE3-AE57B464129F}.Release|iPhone.Build.0 = Release|Any CPU
		{36CCCCB7-9874-4311-BDE3-AE57B464129F}.Release|iPhoneSimulator.ActiveCfg = Release|Any CPU
		{36CCCCB7-9874-4311-BDE3-AE57B464129F}.Release|iPhoneSimulator.Build.0 = Release|Any CPU
		{36CCCCB7-9874-4311-BDE3-AE57B464129F}.Debug|iPhone.ActiveCfg = Debug|Any CPU
		{36CCCCB7-9874-4311-BDE3-AE57B464129F}.Debug|iPhone.Build.0 = Debug|Any CPU
	EndGlobalSection
EndGlobal
